
Microsoft Visual Studio Solution File, Format Version 12.00
# Visual Studio Version 17
VisualStudioVersion = 17.5.33414.496
MinimumVisualStudioVersion = 10.0.40219.1
Project("{9A19103F-16F7-4668-BE54-9A1E7A4F7556}") = "GB_Webpage", "GB_Webpage\GB_Webpage.csproj", "{DA11B5A4-94AB-40C1-8415-E29DA610EE0A}"
EndProject
Project("{E53339B2-1760-4266-BCC7-CA923CBCF16C}") = "docker-compose", "docker-compose.dcproj", "{2344C250-0C68-496D-A4D7-2FF10E84345A}"
EndProject
Global
	GlobalSection(SolutionConfigurationPlatforms) = preSolution
		Debug|Any CPU = Debug|Any CPU
		Release|Any CPU = Release|Any CPU
	EndGlobalSection
	GlobalSection(ProjectConfigurationPlatforms) = postSolution
		{DA11B5A4-94AB-40C1-8415-E29DA610EE0A}.Debug|Any CPU.ActiveCfg = Debug|Any CPU
		{DA11B5A4-94AB-40C1-8415-E29DA610EE0A}.Debug|Any CPU.Build.0 = Debug|Any CPU
		{DA11B5A4-94AB-40C1-8415-E29DA610EE0A}.Release|Any CPU.ActiveCfg = Release|Any CPU
		{DA11B5A4-94AB-40C1-8415-E29DA610EE0A}.Release|Any CPU.Build.0 = Release|Any CPU
		{2344C250-0C68-496D-A4D7-2FF10E84345A}.Debug|Any CPU.ActiveCfg = Debug|Any CPU
		{2344C250-0C68-496D-A4D7-2FF10E84345A}.Debug|Any CPU.Build.0 = Debug|Any CPU
		{2344C250-0C68-496D-A4D7-2FF10E84345A}.Release|Any CPU.ActiveCfg = Release|Any CPU
		{2344C250-0C68-496D-A4D7-2FF10E84345A}.Release|Any CPU.Build.0 = Release|Any CPU
	EndGlobalSection
	GlobalSection(SolutionProperties) = preSolution
		HideSolutionNode = FALSE
	EndGlobalSection
	GlobalSection(ExtensibilityGlobals) = postSolution
		SolutionGuid = {4B95C906-8494-45E2-AA8A-0446BC224AC2}
	EndGlobalSection
EndGlobal
